
Microsoft Visual Studio Solution File, Format Version 12.00
# Visual Studio Version 17
VisualStudioVersion = 17.3.32819.101
MinimumVisualStudioVersion = 10.0.40219.1
Project("{FAE04EC0-301F-11D3-BF4B-00C04F79EFBC}") = "ImageProcessingPTwo", "ImageProcessingPTwo\ImageProcessingPTwo.csproj", "{D9B885F7-80CF-4C35-8AD5-73E77750772A}"
EndProject
Global
	GlobalSection(SolutionConfigurationPlatforms) = preSolution
		Debug|Any CPU = Debug|Any CPU
		Release|Any CPU = Release|Any CPU
	EndGlobalSection
	GlobalSection(ProjectConfigurationPlatforms) = postSolution
		{D9B885F7-80CF-4C35-8AD5-73E77750772A}.Debug|Any CPU.ActiveCfg = Debug|Any CPU
		{D9B885F7-80CF-4C35-8AD5-73E77750772A}.Debug|Any CPU.Build.0 = Debug|Any CPU
		{D9B885F7-80CF-4C35-8AD5-73E77750772A}.Release|Any CPU.ActiveCfg = Release|Any CPU
		{D9B885F7-80CF-4C35-8AD5-73E77750772A}.Release|Any CPU.Build.0 = Release|Any CPU
	EndGlobalSection
	GlobalSection(SolutionProperties) = preSolution
		HideSolutionNode = FALSE
	EndGlobalSection
	GlobalSection(ExtensibilityGlobals) = postSolution
		SolutionGuid = {D7142C64-FB4B-4200-A25B-567E678FD281}
	EndGlobalSection
EndGlobal
